
Microsoft Visual Studio Solution File, Format Version 12.00
# Visual Studio 2013
VisualStudioVersion = 12.0.31101.0
MinimumVisualStudioVersion = 10.0.40219.1
Project("{FAE04EC0-301F-11D3-BF4B-00C04F79EFBC}") = "TurnWin32ApiStartProcessIntoDotnet", "TurnWin32ApiStartProcessIntoDotnet\TurnWin32ApiStartProcessIntoDotnet.csproj", "{9D7BAFB3-5FDD-4E57-96AE-2B3294A0F82E}"
	ProjectSection(ProjectDependencies) = postProject
		{F1E6B67A-A0F8-47C4-A3D4-9E30FAFE0251} = {F1E6B67A-A0F8-47C4-A3D4-9E30FAFE0251}
	EndProjectSection
EndProject
Project("{FAE04EC0-301F-11D3-BF4B-00C04F79EFBC}") = "PrintStationDesktopName", "PrintStationDesktopName\PrintStationDesktopName.csproj", "{F1E6B67A-A0F8-47C4-A3D4-9E30FAFE0251}"
EndProject
Global
	GlobalSection(SolutionConfigurationPlatforms) = preSolution
		Debug|Any CPU = Debug|Any CPU
		Release|Any CPU = Release|Any CPU
	EndGlobalSection
	GlobalSection(ProjectConfigurationPlatforms) = postSolution
		{9D7BAFB3-5FDD-4E57-96AE-2B3294A0F82E}.Debug|Any CPU.ActiveCfg = Debug|Any CPU
		{9D7BAFB3-5FDD-4E57-96AE-2B3294A0F82E}.Debug|Any CPU.Build.0 = Debug|Any CPU
		{9D7BAFB3-5FDD-4E57-96AE-2B3294A0F82E}.Release|Any CPU.ActiveCfg = Release|Any CPU
		{9D7BAFB3-5FDD-4E57-96AE-2B3294A0F82E}.Release|Any CPU.Build.0 = Release|Any CPU
		{F1E6B67A-A0F8-47C4-A3D4-9E30FAFE0251}.Debug|Any CPU.ActiveCfg = Debug|Any CPU
		{F1E6B67A-A0F8-47C4-A3D4-9E30FAFE0251}.Debug|Any CPU.Build.0 = Debug|Any CPU
		{F1E6B67A-A0F8-47C4-A3D4-9E30FAFE0251}.Release|Any CPU.ActiveCfg = Release|Any CPU
		{F1E6B67A-A0F8-47C4-A3D4-9E30FAFE0251}.Release|Any CPU.Build.0 = Release|Any CPU
	EndGlobalSection
	GlobalSection(SolutionProperties) = preSolution
		HideSolutionNode = FALSE
	EndGlobalSection
EndGlobal
